
Microsoft Visual Studio Solution File, Format Version 12.00
# Visual Studio 15
VisualStudioVersion = 15.0.28010.2016
MinimumVisualStudioVersion = 10.0.40219.1
Project("{8BC9CEB8-8B4A-11D0-8D11-00A0C91BC942}") = "HostComm", "Sim\HostComm\HostComm.vcxproj", "{FDF75646-6E43-4A8A-BC13-D597B68754C2}"
EndProject
Project("{8BC9CEB8-8B4A-11D0-8D11-00A0C91BC942}") = "Test", "Sim\Test\Test.vcxproj", "{3C1BA7B5-7F21-4682-AE7A-52C6762C6966}"
	ProjectSection(ProjectDependencies) = postProject
		{885BBD45-90F8-4446-BAD6-4A1702D1F1F7} = {885BBD45-90F8-4446-BAD6-4A1702D1F1F7}
		{89F1CB64-54C0-4448-8D36-7BFC3D7A8CC4} = {89F1CB64-54C0-4448-8D36-7BFC3D7A8CC4}
	EndProjectSection
EndProject
Project("{8BC9CEB8-8B4A-11D0-8D11-00A0C91BC942}") = "Nand", "Sim\Nand\Nand.vcxproj", "{885BBD45-90F8-4446-BAD6-4A1702D1F1F7}"
	ProjectSection(ProjectDependencies) = postProject
		{E2C37474-B57F-49F8-B5BB-EB427C95A2E1} = {E2C37474-B57F-49F8-B5BB-EB427C95A2E1}
	EndProjectSection
EndProject
Project("{8BC9CEB8-8B4A-11D0-8D11-00A0C91BC942}") = "SimFramework", "Sim\SimFramework\SimFramework.vcxproj", "{89F1CB64-54C0-4448-8D36-7BFC3D7A8CC4}"
	ProjectSection(ProjectDependencies) = postProject
		{E2C37474-B57F-49F8-B5BB-EB427C95A2E1} = {E2C37474-B57F-49F8-B5BB-EB427C95A2E1}
	EndProjectSection
EndProject
Project("{8BC9CEB8-8B4A-11D0-8D11-00A0C91BC942}") = "SimFrameworkBase", "Sim\SimFrameworkBase\SimFrameworkBase.vcxproj", "{E2C37474-B57F-49F8-B5BB-EB427C95A2E1}"
EndProject
Project("{8BC9CEB8-8B4A-11D0-8D11-00A0C91BC942}") = "App", "Sim\App\App.vcxproj", "{D251D378-2D4C-4C8A-B354-56324642AD01}"
	ProjectSection(ProjectDependencies) = postProject
		{89F1CB64-54C0-4448-8D36-7BFC3D7A8CC4} = {89F1CB64-54C0-4448-8D36-7BFC3D7A8CC4}
	EndProjectSection
EndProject
Project("{8BC9CEB8-8B4A-11D0-8D11-00A0C91BC942}") = "RomCode", "Sim\RomCode\RomCode.vcxproj", "{20EED4F4-7F5E-4019-A697-6076A41E8EF2}"
	ProjectSection(ProjectDependencies) = postProject
		{FDF75646-6E43-4A8A-BC13-D597B68754C2} = {FDF75646-6E43-4A8A-BC13-D597B68754C2}
	EndProjectSection
EndProject
Global
	GlobalSection(SolutionConfigurationPlatforms) = preSolution
		Debug|x64 = Debug|x64
		Debug|x86 = Debug|x86
		Release|x64 = Release|x64
		Release|x86 = Release|x86
	EndGlobalSection
	GlobalSection(ProjectConfigurationPlatforms) = postSolution
		{FDF75646-6E43-4A8A-BC13-D597B68754C2}.Debug|x64.ActiveCfg = Debug|x64
		{FDF75646-6E43-4A8A-BC13-D597B68754C2}.Debug|x64.Build.0 = Debug|x64
		{FDF75646-6E43-4A8A-BC13-D597B68754C2}.Debug|x86.ActiveCfg = Debug|Win32
		{FDF75646-6E43-4A8A-BC13-D597B68754C2}.Debug|x86.Build.0 = Debug|Win32
		{FDF75646-6E43-4A8A-BC13-D597B68754C2}.Release|x64.ActiveCfg = Release|x64
		{FDF75646-6E43-4A8A-BC13-D597B68754C2}.Release|x64.Build.0 = Release|x64
		{FDF75646-6E43-4A8A-BC13-D597B68754C2}.Release|x86.ActiveCfg = Release|Win32
		{FDF75646-6E43-4A8A-BC13-D597B68754C2}.Release|x86.Build.0 = Release|Win32
		{3C1BA7B5-7F21-4682-AE7A-52C6762C6966}.Debug|x64.ActiveCfg = Debug|x64
		{3C1BA7B5-7F21-4682-AE7A-52C6762C6966}.Debug|x64.Build.0 = Debug|x64
		{3C1BA7B5-7F21-4682-AE7A-52C6762C6966}.Debug|x86.ActiveCfg = Debug|Win32
		{3C1BA7B5-7F21-4682-AE7A-52C6762C6966}.Debug|x86.Build.0 = Debug|Win32
		{3C1BA7B5-7F21-4682-AE7A-52C6762C6966}.Release|x64.ActiveCfg = Release|x64
		{3C1BA7B5-7F21-4682-AE7A-52C6762C6966}.Release|x64.Build.0 = Release|x64
		{3C1BA7B5-7F21-4682-AE7A-52C6762C6966}.Release|x86.ActiveCfg = Release|Win32
		{3C1BA7B5-7F21-4682-AE7A-52C6762C6966}.Release|x86.Build.0 = Release|Win32
		{885BBD45-90F8-4446-BAD6-4A1702D1F1F7}.Debug|x64.ActiveCfg = Debug|x64
		{885BBD45-90F8-4446-BAD6-4A1702D1F1F7}.Debug|x64.Build.0 = Debug|x64
		{885BBD45-90F8-4446-BAD6-4A1702D1F1F7}.Debug|x86.ActiveCfg = Debug|Win32
		{885BBD45-90F8-4446-BAD6-4A1702D1F1F7}.Debug|x86.Build.0 = Debug|Win32
		{885BBD45-90F8-4446-BAD6-4A1702D1F1F7}.Release|x64.ActiveCfg = Release|x64
		{885BBD45-90F8-4446-BAD6-4A1702D1F1F7}.Release|x64.Build.0 = Release|x64
		{885BBD45-90F8-4446-BAD6-4A1702D1F1F7}.Release|x86.ActiveCfg = Release|Win32
		{885BBD45-90F8-4446-BAD6-4A1702D1F1F7}.Release|x86.Build.0 = Release|Win32
		{89F1CB64-54C0-4448-8D36-7BFC3D7A8CC4}.Debug|x64.ActiveCfg = Debug|x64
		{89F1CB64-54C0-4448-8D36-7BFC3D7A8CC4}.Debug|x64.Build.0 = Debug|x64
		{89F1CB64-54C0-4448-8D36-7BFC3D7A8CC4}.Debug|x86.ActiveCfg = Debug|Win32
		{89F1CB64-54C0-4448-8D36-7BFC3D7A8CC4}.Debug|x86.Build.0 = Debug|Win32
		{89F1CB64-54C0-4448-8D36-7BFC3D7A8CC4}.Release|x64.ActiveCfg = Release|x64
		{89F1CB64-54C0-4448-8D36-7BFC3D7A8CC4}.Release|x64.Build.0 = Release|x64
		{89F1CB64-54C0-4448-8D36-7BFC3D7A8CC4}.Release|x86.ActiveCfg = Release|Win32
		{89F1CB64-54C0-4448-8D36-7BFC3D7A8CC4}.Release|x86.Build.0 = Release|Win32
		{E2C37474-B57F-49F8-B5BB-EB427C95A2E1}.Debug|x64.ActiveCfg = Debug|x64
		{E2C37474-B57F-49F8-B5BB-EB427C95A2E1}.Debug|x64.Build.0 = Debug|x64
		{E2C37474-B57F-49F8-B5BB-EB427C95A2E1}.Debug|x86.ActiveCfg = Debug|Win32
		{E2C37474-B57F-49F8-B5BB-EB427C95A2E1}.Debug|x86.Build.0 = Debug|Win32
		{E2C37474-B57F-49F8-B5BB-EB427C95A2E1}.Release|x64.ActiveCfg = Release|x64
		{E2C37474-B57F-49F8-B5BB-EB427C95A2E1}.Release|x64.Build.0 = Release|x64
		{E2C37474-B57F-49F8-B5BB-EB427C95A2E1}.Release|x86.ActiveCfg = Release|Win32
		{E2C37474-B57F-49F8-B5BB-EB427C95A2E1}.Release|x86.Build.0 = Release|Win32
		{D251D378-2D4C-4C8A-B354-56324642AD01}.Debug|x64.ActiveCfg = Debug|x64
		{D251D378-2D4C-4C8A-B354-56324642AD01}.Debug|x64.Build.0 = Debug|x64
		{D251D378-2D4C-4C8A-B354-56324642AD01}.Debug|x86.ActiveCfg = Debug|Win32
		{D251D378-2D4C-4C8A-B354-56324642AD01}.Debug|x86.Build.0 = Debug|Win32
		{D251D378-2D4C-4C8A-B354-56324642AD01}.Release|x64.ActiveCfg = Release|x64
		{D251D378-2D4C-4C8A-B354-56324642AD01}.Release|x64.Build.0 = Release|x64
		{D251D378-2D4C-4C8A-B354-56324642AD01}.Release|x86.ActiveCfg = Release|Win32
		{D251D378-2D4C-4C8A-B354-56324642AD01}.Release|x86.Build.0 = Release|Win32
		{20EED4F4-7F5E-4019-A697-6076A41E8EF2}.Debug|x64.ActiveCfg = Debug|x64
		{20EED4F4-7F5E-4019-A697-6076A41E8EF2}.Debug|x64.Build.0 = Debug|x64
		{20EED4F4-7F5E-4019-A697-6076A41E8EF2}.Debug|x86.ActiveCfg = Debug|Win32
		{20EED4F4-7F5E-4019-A697-6076A41E8EF2}.Debug|x86.Build.0 = Debug|Win32
		{20EED4F4-7F5E-4019-A697-6076A41E8EF2}.Release|x64.ActiveCfg = Release|x64
		{20EED4F4-7F5E-4019-A697-6076A41E8EF2}.Release|x64.Build.0 = Release|x64
		{20EED4F4-7F5E-4019-A697-6076A41E8EF2}.Release|x86.ActiveCfg = Release|Win32
		{20EED4F4-7F5E-4019-A697-6076A41E8EF2}.Release|x86.Build.0 = Release|Win32
	EndGlobalSection
	GlobalSection(SolutionProperties) = preSolution
		HideSolutionNode = FALSE
	EndGlobalSection
	GlobalSection(ExtensibilityGlobals) = postSolution
		SolutionGuid = {4E7C36D9-8CC7-4EC1-BE1E-785EF62BD6D5}
	EndGlobalSection
EndGlobal
