<?xml version="1.0" encoding="utf-8"?>
<Project ToolsVersion="4.0" xmlns="http://schemas.microsoft.com/developer/msbuild/2003">
  <ItemGroup>
    <Filter Include="Source Files">
      <UniqueIdentifier>{4FC737F1-C7A5-4376-A066-2A32D752A2FF}</UniqueIdentifier>
      <Extensions>cpp;c;cc;cxx;def;odl;idl;hpj;bat;asm;asmx</Extensions>
    </Filter>
    <Filter Include="Header Files">
      <UniqueIdentifier>{93995380-89BD-4b04-88EB-625FBE52EBFB}</UniqueIdentifier>
      <Extensions>h;hh;hpp;hxx;hm;inl;inc;ipp;xsd</Extensions>
    </Filter>
    <Filter Include="Resource Files">
      <UniqueIdentifier>{67DA6AB6-F800-4c08-8B7A-83BB121AAD01}</UniqueIdentifier>
      <Extensions>rc;ico;cur;bmp;dlg;rc2;rct;bin;rgs;gif;jpg;jpeg;jpe;resx;tiff;tif;png;wav;mfcribbon-ms</Extensions>
    </Filter>
    <Filter Include="Header Files\Ipc">
      <UniqueIdentifier>{9af9b2d1-3399-49a6-98a1-4f1640b9a0ef}</UniqueIdentifier>
    </Filter>
    <Filter Include="Header Files\CustomProtocol">
      <UniqueIdentifier>{c46c8e84-b141-4bf8-898b-f7f38839546f}</UniqueIdentifier>
    </Filter>
    <Filter Include="Source Files\CustomProtocol">
      <UniqueIdentifier>{3d143cf6-ec16-49bb-a7d5-7aa0b83d52ce}</UniqueIdentifier>
    </Filter>
  </ItemGroup>
  <ItemGroup>
    <ClInclude Include="BasicTypes.h">
      <Filter>Header Files</Filter>
    </ClInclude>
    <ClInclude Include="Ipc\Constant.h">
      <Filter>Header Files\Ipc</Filter>
    </ClInclude>
    <ClInclude Include="Ipc\Message.hpp">
      <Filter>Header Files\Ipc</Filter>
    </ClInclude>
    <ClInclude Include="Ipc\MessageBaseService.hpp">
      <Filter>Header Files\Ipc</Filter>
    </ClInclude>
    <ClInclude Include="Ipc\MessageClient.hpp">
      <Filter>Header Files\Ipc</Filter>
    </ClInclude>
    <ClInclude Include="Ipc\MessageServer.hpp">
      <Filter>Header Files\Ipc</Filter>
    </ClInclude>
    <ClInclude Include="CustomProtocol\CustomProtocolCommand.h">
      <Filter>Header Files\CustomProtocol</Filter>
    </ClInclude>
    <ClInclude Include="CustomProtocol\CustomProtocolInterface.h">
      <Filter>Header Files\CustomProtocol</Filter>
    </ClInclude>
    <ClInclude Include="Ipc\SynchronizedQueue.hpp">
      <Filter>Header Files\Ipc</Filter>
    </ClInclude>
  </ItemGroup>
  <ItemGroup>
    <ClCompile Include="CustomProtocol\CustomProtocolInterface.cpp">
      <Filter>Source Files\CustomProtocol</Filter>
    </ClCompile>
  </ItemGroup>
  <ItemGroup>
    <None Include="packages.config" />
  </ItemGroup>
</Project>